
Microsoft Visual Studio Solution File, Format Version 12.00
# Visual Studio Version 17
VisualStudioVersion = 17.7.34221.43
MinimumVisualStudioVersion = 10.0.40219.1
Project("{FAE04EC0-301F-11D3-BF4B-00C04F79EFBC}") = "Ejemplo1", "Ejemplo1\Ejemplo1.csproj", "{6CD5F02A-A3E1-4879-B4BA-16DCDE887C63}"
EndProject
Project("{FAE04EC0-301F-11D3-BF4B-00C04F79EFBC}") = "Ejemplo2", "Ejemplo2\Ejemplo2.csproj", "{2AC3B162-43A5-4AA5-A11E-293EFD7950A5}"
EndProject
Project("{FAE04EC0-301F-11D3-BF4B-00C04F79EFBC}") = "Ejemplo3", "Ejemplo3\Ejemplo3.csproj", "{9F412EF5-8E05-4871-A24A-344DCC9FE511}"
EndProject
Project("{FAE04EC0-301F-11D3-BF4B-00C04F79EFBC}") = "Ejemplo4-Vectores", "Ejemplo4-Vectores\Ejemplo4-Vectores.csproj", "{71155C84-124B-4504-8467-7E6AD86C6D28}"
EndProject
Project("{FAE04EC0-301F-11D3-BF4B-00C04F79EFBC}") = "Ejemplo5-Funciones", "Ejemplo5-Funciones\Ejemplo5-Funciones.csproj", "{C102C0F8-9A95-46C3-83A6-AC6E61C0A3E5}"
EndProject
Global
	GlobalSection(SolutionConfigurationPlatforms) = preSolution
		Debug|Any CPU = Debug|Any CPU
		Release|Any CPU = Release|Any CPU
	EndGlobalSection
	GlobalSection(ProjectConfigurationPlatforms) = postSolution
		{6CD5F02A-A3E1-4879-B4BA-16DCDE887C63}.Debug|Any CPU.ActiveCfg = Debug|Any CPU
		{6CD5F02A-A3E1-4879-B4BA-16DCDE887C63}.Debug|Any CPU.Build.0 = Debug|Any CPU
		{6CD5F02A-A3E1-4879-B4BA-16DCDE887C63}.Release|Any CPU.ActiveCfg = Release|Any CPU
		{6CD5F02A-A3E1-4879-B4BA-16DCDE887C63}.Release|Any CPU.Build.0 = Release|Any CPU
		{2AC3B162-43A5-4AA5-A11E-293EFD7950A5}.Debug|Any CPU.ActiveCfg = Debug|Any CPU
		{2AC3B162-43A5-4AA5-A11E-293EFD7950A5}.Debug|Any CPU.Build.0 = Debug|Any CPU
		{2AC3B162-43A5-4AA5-A11E-293EFD7950A5}.Release|Any CPU.ActiveCfg = Release|Any CPU
		{2AC3B162-43A5-4AA5-A11E-293EFD7950A5}.Release|Any CPU.Build.0 = Release|Any CPU
		{9F412EF5-8E05-4871-A24A-344DCC9FE511}.Debug|Any CPU.ActiveCfg = Debug|Any CPU
		{9F412EF5-8E05-4871-A24A-344DCC9FE511}.Debug|Any CPU.Build.0 = Debug|Any CPU
		{9F412EF5-8E05-4871-A24A-344DCC9FE511}.Release|Any CPU.ActiveCfg = Release|Any CPU
		{9F412EF5-8E05-4871-A24A-344DCC9FE511}.Release|Any CPU.Build.0 = Release|Any CPU
		{71155C84-124B-4504-8467-7E6AD86C6D28}.Debug|Any CPU.ActiveCfg = Debug|Any CPU
		{71155C84-124B-4504-8467-7E6AD86C6D28}.Debug|Any CPU.Build.0 = Debug|Any CPU
		{71155C84-124B-4504-8467-7E6AD86C6D28}.Release|Any CPU.ActiveCfg = Release|Any CPU
		{71155C84-124B-4504-8467-7E6AD86C6D28}.Release|Any CPU.Build.0 = Release|Any CPU
		{C102C0F8-9A95-46C3-83A6-AC6E61C0A3E5}.Debug|Any CPU.ActiveCfg = Debug|Any CPU
		{C102C0F8-9A95-46C3-83A6-AC6E61C0A3E5}.Debug|Any CPU.Build.0 = Debug|Any CPU
		{C102C0F8-9A95-46C3-83A6-AC6E61C0A3E5}.Release|Any CPU.ActiveCfg = Release|Any CPU
		{C102C0F8-9A95-46C3-83A6-AC6E61C0A3E5}.Release|Any CPU.Build.0 = Release|Any CPU
	EndGlobalSection
	GlobalSection(SolutionProperties) = preSolution
		HideSolutionNode = FALSE
	EndGlobalSection
	GlobalSection(ExtensibilityGlobals) = postSolution
		SolutionGuid = {0818336F-4A04-4802-B0B3-31E5F0C52495}
	EndGlobalSection
EndGlobal
