
Microsoft Visual Studio Solution File, Format Version 12.00
# Visual Studio Version 17
VisualStudioVersion = 17.7.34221.43
MinimumVisualStudioVersion = 10.0.40219.1
Project("{FAE04EC0-301F-11D3-BF4B-00C04F79EFBC}") = "Ejemplos-ADO.NET", "Ejemplos-ADO-.NET\Ejemplos-ADO.NET.csproj", "{44759440-7947-4923-8D3E-ACFD00213026}"
EndProject
Global
	GlobalSection(SolutionConfigurationPlatforms) = preSolution
		Debug|Any CPU = Debug|Any CPU
		Release|Any CPU = Release|Any CPU
	EndGlobalSection
	GlobalSection(ProjectConfigurationPlatforms) = postSolution
		{44759440-7947-4923-8D3E-ACFD00213026}.Debug|Any CPU.ActiveCfg = Debug|Any CPU
		{44759440-7947-4923-8D3E-ACFD00213026}.Debug|Any CPU.Build.0 = Debug|Any CPU
		{44759440-7947-4923-8D3E-ACFD00213026}.Release|Any CPU.ActiveCfg = Release|Any CPU
		{44759440-7947-4923-8D3E-ACFD00213026}.Release|Any CPU.Build.0 = Release|Any CPU
	EndGlobalSection
	GlobalSection(SolutionProperties) = preSolution
		HideSolutionNode = FALSE
	EndGlobalSection
	GlobalSection(ExtensibilityGlobals) = postSolution
		SolutionGuid = {7EEA9062-364D-4837-97EC-F2B5BA132988}
	EndGlobalSection
EndGlobal
