
Microsoft Visual Studio Solution File, Format Version 12.00
# Visual Studio Version 17
VisualStudioVersion = 17.5.002.0
MinimumVisualStudioVersion = 10.0.40219.1
Project("{9A19103F-16F7-4668-BE54-9A1E7A4F7556}") = "Calculadora", "Calculadora.csproj", "{A3EF96A7-A64D-4FEC-A0AC-7D54392A080A}"
EndProject
Global
	GlobalSection(SolutionConfigurationPlatforms) = preSolution
		Debug|Any CPU = Debug|Any CPU
		Release|Any CPU = Release|Any CPU
	EndGlobalSection
	GlobalSection(ProjectConfigurationPlatforms) = postSolution
		{A3EF96A7-A64D-4FEC-A0AC-7D54392A080A}.Debug|Any CPU.ActiveCfg = Debug|Any CPU
		{A3EF96A7-A64D-4FEC-A0AC-7D54392A080A}.Debug|Any CPU.Build.0 = Debug|Any CPU
		{A3EF96A7-A64D-4FEC-A0AC-7D54392A080A}.Release|Any CPU.ActiveCfg = Release|Any CPU
		{A3EF96A7-A64D-4FEC-A0AC-7D54392A080A}.Release|Any CPU.Build.0 = Release|Any CPU
	EndGlobalSection
	GlobalSection(SolutionProperties) = preSolution
		HideSolutionNode = FALSE
	EndGlobalSection
	GlobalSection(ExtensibilityGlobals) = postSolution
		SolutionGuid = {13778E37-0067-4825-A23D-DD805C188B0E}
	EndGlobalSection
EndGlobal
