
Microsoft Visual Studio Solution File, Format Version 12.00
# Visual Studio Version 17
VisualStudioVersion = 17.7.34221.43
MinimumVisualStudioVersion = 10.0.40219.1
Project("{FAE04EC0-301F-11D3-BF4B-00C04F79EFBC}") = "MiPrimerApp", "MiPrimerApp\MiPrimerApp.csproj", "{72A98757-2B0E-4A46-BE9B-FFB10868DBB4}"
EndProject
Global
	GlobalSection(SolutionConfigurationPlatforms) = preSolution
		Debug|Any CPU = Debug|Any CPU
		Release|Any CPU = Release|Any CPU
	EndGlobalSection
	GlobalSection(ProjectConfigurationPlatforms) = postSolution
		{72A98757-2B0E-4A46-BE9B-FFB10868DBB4}.Debug|Any CPU.ActiveCfg = Debug|Any CPU
		{72A98757-2B0E-4A46-BE9B-FFB10868DBB4}.Debug|Any CPU.Build.0 = Debug|Any CPU
		{72A98757-2B0E-4A46-BE9B-FFB10868DBB4}.Release|Any CPU.ActiveCfg = Release|Any CPU
		{72A98757-2B0E-4A46-BE9B-FFB10868DBB4}.Release|Any CPU.Build.0 = Release|Any CPU
	EndGlobalSection
	GlobalSection(SolutionProperties) = preSolution
		HideSolutionNode = FALSE
	EndGlobalSection
	GlobalSection(ExtensibilityGlobals) = postSolution
		SolutionGuid = {5EFB1F55-92A4-4FC3-B3D3-1F38AADDA7BA}
	EndGlobalSection
EndGlobal
